
Microsoft Visual Studio Solution File, Format Version 12.00
# Visual Studio Version 17
VisualStudioVersion = 17.4.33213.308
MinimumVisualStudioVersion = 10.0.40219.1
Project("{FAE04EC0-301F-11D3-BF4B-00C04F79EFBC}") = "TwoDecksWPF", "TwoDecksWPF\TwoDecksWPF.csproj", "{AE8769C7-EEF8-43BF-93A8-5E8A8BC4D677}"
EndProject
Global
	GlobalSection(SolutionConfigurationPlatforms) = preSolution
		Debug|Any CPU = Debug|Any CPU
		Release|Any CPU = Release|Any CPU
	EndGlobalSection
	GlobalSection(ProjectConfigurationPlatforms) = postSolution
		{AE8769C7-EEF8-43BF-93A8-5E8A8BC4D677}.Debug|Any CPU.ActiveCfg = Debug|Any CPU
		{AE8769C7-EEF8-43BF-93A8-5E8A8BC4D677}.Debug|Any CPU.Build.0 = Debug|Any CPU
		{AE8769C7-EEF8-43BF-93A8-5E8A8BC4D677}.Release|Any CPU.ActiveCfg = Release|Any CPU
		{AE8769C7-EEF8-43BF-93A8-5E8A8BC4D677}.Release|Any CPU.Build.0 = Release|Any CPU
	EndGlobalSection
	GlobalSection(SolutionProperties) = preSolution
		HideSolutionNode = FALSE
	EndGlobalSection
	GlobalSection(ExtensibilityGlobals) = postSolution
		SolutionGuid = {7342DF0C-1B32-4964-BAAC-2190E3736AB1}
	EndGlobalSection
EndGlobal
